
Microsoft Visual Studio Solution File, Format Version 12.00
# Visual Studio 15
VisualStudioVersion = 15.0.27428.1
MinimumVisualStudioVersion = 10.0.40219.1
Project("{FAE04EC0-301F-11D3-BF4B-00C04F79EFBC}") = "Buoi2_client", "Buoi2_client\Buoi2_client.csproj", "{8AC59173-CA7F-4504-A43C-51B9520F6428}"
EndProject
Project("{FAE04EC0-301F-11D3-BF4B-00C04F79EFBC}") = "Server", "Server\Server.csproj", "{C0CEBBFE-F12A-436E-A69C-5817285EA256}"
EndProject
Global
	GlobalSection(SolutionConfigurationPlatforms) = preSolution
		Debug|Any CPU = Debug|Any CPU
		Release|Any CPU = Release|Any CPU
	EndGlobalSection
	GlobalSection(ProjectConfigurationPlatforms) = postSolution
		{8AC59173-CA7F-4504-A43C-51B9520F6428}.Debug|Any CPU.ActiveCfg = Debug|Any CPU
		{8AC59173-CA7F-4504-A43C-51B9520F6428}.Debug|Any CPU.Build.0 = Debug|Any CPU
		{8AC59173-CA7F-4504-A43C-51B9520F6428}.Release|Any CPU.ActiveCfg = Release|Any CPU
		{8AC59173-CA7F-4504-A43C-51B9520F6428}.Release|Any CPU.Build.0 = Release|Any CPU
		{C0CEBBFE-F12A-436E-A69C-5817285EA256}.Debug|Any CPU.ActiveCfg = Debug|Any CPU
		{C0CEBBFE-F12A-436E-A69C-5817285EA256}.Debug|Any CPU.Build.0 = Debug|Any CPU
		{C0CEBBFE-F12A-436E-A69C-5817285EA256}.Release|Any CPU.ActiveCfg = Release|Any CPU
		{C0CEBBFE-F12A-436E-A69C-5817285EA256}.Release|Any CPU.Build.0 = Release|Any CPU
	EndGlobalSection
	GlobalSection(SolutionProperties) = preSolution
		HideSolutionNode = FALSE
	EndGlobalSection
	GlobalSection(ExtensibilityGlobals) = postSolution
		SolutionGuid = {0A22D62E-ED5B-4B74-9CCB-E46AE2016EE5}
	EndGlobalSection
EndGlobal
